
Microsoft Visual Studio Solution File, Format Version 12.00
# Visual Studio Version 16
VisualStudioVersion = 16.0.30413.136
MinimumVisualStudioVersion = 10.0.40219.1
Project("{FAE04EC0-301F-11D3-BF4B-00C04F79EFBC}") = "CowinAppointmentAlerts", "CowinAppointmentAlerts\CowinAppointmentAlerts.csproj", "{B9548515-1227-4610-86F6-F5351FD758CB}"
EndProject
Global
	GlobalSection(SolutionConfigurationPlatforms) = preSolution
		Debug|Any CPU = Debug|Any CPU
		Release|Any CPU = Release|Any CPU
	EndGlobalSection
	GlobalSection(ProjectConfigurationPlatforms) = postSolution
		{B9548515-1227-4610-86F6-F5351FD758CB}.Debug|Any CPU.ActiveCfg = Debug|Any CPU
		{B9548515-1227-4610-86F6-F5351FD758CB}.Debug|Any CPU.Build.0 = Debug|Any CPU
		{B9548515-1227-4610-86F6-F5351FD758CB}.Release|Any CPU.ActiveCfg = Release|Any CPU
		{B9548515-1227-4610-86F6-F5351FD758CB}.Release|Any CPU.Build.0 = Release|Any CPU
	EndGlobalSection
	GlobalSection(SolutionProperties) = preSolution
		HideSolutionNode = FALSE
	EndGlobalSection
	GlobalSection(ExtensibilityGlobals) = postSolution
		SolutionGuid = {7D71BAFF-136B-4DB0-B588-5EB788C10940}
	EndGlobalSection
EndGlobal
